
Microsoft Visual Studio Solution File, Format Version 12.00
# Visual Studio Version 16
VisualStudioVersion = 16.0.31911.196
MinimumVisualStudioVersion = 10.0.40219.1
Project("{FAE04EC0-301F-11D3-BF4B-00C04F79EFBC}") = "REGEX", "REGEX\REGEX.csproj", "{7C5FF0A2-5FB7-4A4C-8DCC-19F6EF7DF613}"
EndProject
Global
	GlobalSection(SolutionConfigurationPlatforms) = preSolution
		Debug|Any CPU = Debug|Any CPU
		Release|Any CPU = Release|Any CPU
	EndGlobalSection
	GlobalSection(ProjectConfigurationPlatforms) = postSolution
		{7C5FF0A2-5FB7-4A4C-8DCC-19F6EF7DF613}.Debug|Any CPU.ActiveCfg = Debug|Any CPU
		{7C5FF0A2-5FB7-4A4C-8DCC-19F6EF7DF613}.Debug|Any CPU.Build.0 = Debug|Any CPU
		{7C5FF0A2-5FB7-4A4C-8DCC-19F6EF7DF613}.Release|Any CPU.ActiveCfg = Release|Any CPU
		{7C5FF0A2-5FB7-4A4C-8DCC-19F6EF7DF613}.Release|Any CPU.Build.0 = Release|Any CPU
	EndGlobalSection
	GlobalSection(SolutionProperties) = preSolution
		HideSolutionNode = FALSE
	EndGlobalSection
	GlobalSection(ExtensibilityGlobals) = postSolution
		SolutionGuid = {AACEFC98-40ED-4BE7-B41E-0866637D169D}
	EndGlobalSection
EndGlobal
